
Microsoft Visual Studio Solution File, Format Version 12.00
# Visual Studio Version 17
VisualStudioVersion = 17.0.31903.59
MinimumVisualStudioVersion = 10.0.40219.1
Project("{FAE04EC0-301F-11D3-BF4B-00C04F79EFBC}") = "Day_1", "Day_1\Day_1.csproj", "{9E48701D-FDED-4E37-8402-B5CC0A60DA04}"
EndProject
Project("{FAE04EC0-301F-11D3-BF4B-00C04F79EFBC}") = "Day_2", "Day_2\Day_2.csproj", "{C15A8354-086F-4D9D-B6A6-C40F9D23D6DE}"
EndProject
Project("{FAE04EC0-301F-11D3-BF4B-00C04F79EFBC}") = "Day_3", "Day_3\Day_3.csproj", "{3E15A211-CEA9-4862-AE16-C3391A278606}"
EndProject
Project("{FAE04EC0-301F-11D3-BF4B-00C04F79EFBC}") = "Day_4", "Day_4\Day_4.csproj", "{04B46712-9ED6-443A-9868-BFD30C94E88C}"
EndProject
Project("{FAE04EC0-301F-11D3-BF4B-00C04F79EFBC}") = "Day_5", "Day_5\Day_5.csproj", "{76EF16AA-4663-47EA-B40A-311D1863B35C}"
EndProject
Project("{FAE04EC0-301F-11D3-BF4B-00C04F79EFBC}") = "Day_6", "Day_6\Day_6.csproj", "{DF2DFC84-5417-43F4-93A7-2AEBB15C5A8C}"
EndProject
Project("{FAE04EC0-301F-11D3-BF4B-00C04F79EFBC}") = "Day_7", "Day_7\Day_7.csproj", "{61968B37-A753-40C7-8BD7-DFA8334F9DEF}"
EndProject
Project("{FAE04EC0-301F-11D3-BF4B-00C04F79EFBC}") = "Day_8", "Day_8\Day_8.csproj", "{AA215A76-7ECE-42C5-B3F5-2871F91DD7BE}"
EndProject
Global
	GlobalSection(SolutionConfigurationPlatforms) = preSolution
		Debug|Any CPU = Debug|Any CPU
		Release|Any CPU = Release|Any CPU
	EndGlobalSection
	GlobalSection(SolutionProperties) = preSolution
		HideSolutionNode = FALSE
	EndGlobalSection
	GlobalSection(ProjectConfigurationPlatforms) = postSolution
		{9E48701D-FDED-4E37-8402-B5CC0A60DA04}.Debug|Any CPU.ActiveCfg = Debug|Any CPU
		{9E48701D-FDED-4E37-8402-B5CC0A60DA04}.Debug|Any CPU.Build.0 = Debug|Any CPU
		{9E48701D-FDED-4E37-8402-B5CC0A60DA04}.Release|Any CPU.ActiveCfg = Release|Any CPU
		{9E48701D-FDED-4E37-8402-B5CC0A60DA04}.Release|Any CPU.Build.0 = Release|Any CPU
		{C15A8354-086F-4D9D-B6A6-C40F9D23D6DE}.Debug|Any CPU.ActiveCfg = Debug|Any CPU
		{C15A8354-086F-4D9D-B6A6-C40F9D23D6DE}.Debug|Any CPU.Build.0 = Debug|Any CPU
		{C15A8354-086F-4D9D-B6A6-C40F9D23D6DE}.Release|Any CPU.ActiveCfg = Release|Any CPU
		{C15A8354-086F-4D9D-B6A6-C40F9D23D6DE}.Release|Any CPU.Build.0 = Release|Any CPU
		{3E15A211-CEA9-4862-AE16-C3391A278606}.Debug|Any CPU.ActiveCfg = Debug|Any CPU
		{3E15A211-CEA9-4862-AE16-C3391A278606}.Debug|Any CPU.Build.0 = Debug|Any CPU
		{3E15A211-CEA9-4862-AE16-C3391A278606}.Release|Any CPU.ActiveCfg = Release|Any CPU
		{3E15A211-CEA9-4862-AE16-C3391A278606}.Release|Any CPU.Build.0 = Release|Any CPU
		{04B46712-9ED6-443A-9868-BFD30C94E88C}.Debug|Any CPU.ActiveCfg = Debug|Any CPU
		{04B46712-9ED6-443A-9868-BFD30C94E88C}.Debug|Any CPU.Build.0 = Debug|Any CPU
		{04B46712-9ED6-443A-9868-BFD30C94E88C}.Release|Any CPU.ActiveCfg = Release|Any CPU
		{04B46712-9ED6-443A-9868-BFD30C94E88C}.Release|Any CPU.Build.0 = Release|Any CPU
		{76EF16AA-4663-47EA-B40A-311D1863B35C}.Debug|Any CPU.ActiveCfg = Debug|Any CPU
		{76EF16AA-4663-47EA-B40A-311D1863B35C}.Debug|Any CPU.Build.0 = Debug|Any CPU
		{76EF16AA-4663-47EA-B40A-311D1863B35C}.Release|Any CPU.ActiveCfg = Release|Any CPU
		{76EF16AA-4663-47EA-B40A-311D1863B35C}.Release|Any CPU.Build.0 = Release|Any CPU
		{DF2DFC84-5417-43F4-93A7-2AEBB15C5A8C}.Debug|Any CPU.ActiveCfg = Debug|Any CPU
		{DF2DFC84-5417-43F4-93A7-2AEBB15C5A8C}.Debug|Any CPU.Build.0 = Debug|Any CPU
		{DF2DFC84-5417-43F4-93A7-2AEBB15C5A8C}.Release|Any CPU.ActiveCfg = Release|Any CPU
		{DF2DFC84-5417-43F4-93A7-2AEBB15C5A8C}.Release|Any CPU.Build.0 = Release|Any CPU
		{61968B37-A753-40C7-8BD7-DFA8334F9DEF}.Debug|Any CPU.ActiveCfg = Debug|Any CPU
		{61968B37-A753-40C7-8BD7-DFA8334F9DEF}.Debug|Any CPU.Build.0 = Debug|Any CPU
		{61968B37-A753-40C7-8BD7-DFA8334F9DEF}.Release|Any CPU.ActiveCfg = Release|Any CPU
		{61968B37-A753-40C7-8BD7-DFA8334F9DEF}.Release|Any CPU.Build.0 = Release|Any CPU
		{AA215A76-7ECE-42C5-B3F5-2871F91DD7BE}.Debug|Any CPU.ActiveCfg = Debug|Any CPU
		{AA215A76-7ECE-42C5-B3F5-2871F91DD7BE}.Debug|Any CPU.Build.0 = Debug|Any CPU
		{AA215A76-7ECE-42C5-B3F5-2871F91DD7BE}.Release|Any CPU.ActiveCfg = Release|Any CPU
		{AA215A76-7ECE-42C5-B3F5-2871F91DD7BE}.Release|Any CPU.Build.0 = Release|Any CPU
	EndGlobalSection
EndGlobal
